
Microsoft Visual Studio Solution File, Format Version 12.00
# Visual Studio Version 17
VisualStudioVersion = 17.0.31903.59
MinimumVisualStudioVersion = 10.0.40219.1
Project("{9A19103F-16F7-4668-BE54-9A1E7A4F7556}") = "Wit", "Wit.App\Wit.csproj", "{CCB94815-1F23-4474-AEA4-91256D741AFC}"
EndProject
Global
	GlobalSection(SolutionConfigurationPlatforms) = preSolution
		Debug|Any CPU = Debug|Any CPU
		Release|Any CPU = Release|Any CPU
	EndGlobalSection
	GlobalSection(ProjectConfigurationPlatforms) = postSolution
		{CCB94815-1F23-4474-AEA4-91256D741AFC}.Debug|Any CPU.ActiveCfg = Debug|Any CPU
		{CCB94815-1F23-4474-AEA4-91256D741AFC}.Debug|Any CPU.Build.0 = Debug|Any CPU
		{CCB94815-1F23-4474-AEA4-91256D741AFC}.Release|Any CPU.ActiveCfg = Release|Any CPU
		{CCB94815-1F23-4474-AEA4-91256D741AFC}.Release|Any CPU.Build.0 = Release|Any CPU
	EndGlobalSection
	GlobalSection(SolutionProperties) = preSolution
		HideSolutionNode = FALSE
	EndGlobalSection
	GlobalSection(ExtensibilityGlobals) = postSolution
		SolutionGuid = {0A65BC65-5864-47E0-B075-31705B0AA75A}
	EndGlobalSection
EndGlobal
